// !$*UTF8*$!
{
	archiveVersion = 1;
	classes = {
	};
	objectVersion = 46;
	objects = {

/* Begin PBXBuildFile section */
		A9F28D421BE336C100FFEA71 /* main.m in Sources */ = {isa = PBXBuildFile; fileRef = A9F28D411BE336C100FFEA71 /* main.m */; };
		A9F28D451BE336C100FFEA71 /* AppDelegate.m in Sources */ = {isa = PBXBuildFile; fileRef = A9F28D441BE336C100FFEA71 /* AppDelegate.m */; };
		A9F28D4B1BE336C100FFEA71 /* Main.storyboard in Resources */ = {isa = PBXBuildFile; fileRef = A9F28D491BE336C100FFEA71 /* Main.storyboard */; };
		A9F28D4D1BE336C100FFEA71 /* Assets.xcassets in Resources */ = {isa = PBXBuildFile; fileRef = A9F28D4C1BE336C100FFEA71 /* Assets.xcassets */; };
		A9F28D501BE336C100FFEA71 /* LaunchScreen.storyboard in Resources */ = {isa = PBXBuildFile; fileRef = A9F28D4E1BE336C100FFEA71 /* LaunchScreen.storyboard */; };
		A9F28D591BE3380100FFEA71 /* QRScanViewController.m in Sources */ = {isa = PBXBuildFile; fileRef = A9F28D581BE3380100FFEA71 /* QRScanViewController.m */; };
		A9F28D5C1BE3381300FFEA71 /* QRMainViewController.m in Sources */ = {isa = PBXBuildFile; fileRef = A9F28D5B1BE3381300FFEA71 /* QRMainViewController.m */; };
		A9F28D5F1BE344CE00FFEA71 /* QRScanView.m in Sources */ = {isa = PBXBuildFile; fileRef = A9F28D5E1BE344CE00FFEA71 /* QRScanView.m */; };
/* End PBXBuildFile section */

/* Begin PBXFileReference section */
		A9F28D3D1BE336C100FFEA71 /* QRCodeDemo.app */ = {isa = PBXFileReference; explicitFileType = wrapper.application; includeInIndex = 0; path = QRCodeDemo.app; sourceTree = BUILT_PRODUCTS_DIR; };
		A9F28D411BE336C100FFEA71 /* main.m */ = {isa = PBXFileReference; lastKnownFileType = sourcecode.c.objc; path = main.m; sourceTree = "<group>"; };
		A9F28D431BE336C100FFEA71 /* AppDelegate.h */ = {isa = PBXFileReference; lastKnownFileType = sourcecode.c.h; path = AppDelegate.h; sourceTree = "<group>"; };
		A9F28D441BE336C100FFEA71 /* AppDelegate.m */ = {isa = PBXFileReference; lastKnownFileType = sourcecode.c.objc; path = AppDelegate.m; sourceTree = "<group>"; };
		A9F28D4A1BE336C100FFEA71 /* Base */ = {isa = PBXFileReference; lastKnownFileType = file.storyboard; name = Base; path = Base.lproj/Main.storyboard; sourceTree = "<group>"; };
		A9F28D4C1BE336C100FFEA71 /* Assets.xcassets */ = {isa = PBXFileReference; lastKnownFileType = folder.assetcatalog; path = Assets.xcassets; sourceTree = "<group>"; };
		A9F28D4F1BE336C100FFEA71 /* Base */ = {isa = PBXFileReference; lastKnownFileType = file.storyboard; name = Base; path = Base.lproj/LaunchScreen.storyboard; sourceTree = "<group>"; };
		A9F28D511BE336C100FFEA71 /* Info.plist */ = {isa = PBXFileReference; lastKnownFileType = text.plist.xml; path = Info.plist; sourceTree = "<group>"; };
		A9F28D571BE3380100FFEA71 /* QRScanViewController.h */ = {isa = PBXFileReference; fileEncoding = 4; lastKnownFileType = sourcecode.c.h; path = QRScanViewController.h; sourceTree = "<group>"; };
		A9F28D581BE3380100FFEA71 /* QRScanViewController.m */ = {isa = PBXFileReference; fileEncoding = 4; lastKnownFileType = sourcecode.c.objc; path = QRScanViewController.m; sourceTree = "<group>"; };
		A9F28D5A1BE3381300FFEA71 /* QRMainViewController.h */ = {isa = PBXFileReference; fileEncoding = 4; lastKnownFileType = sourcecode.c.h; path = QRMainViewController.h; sourceTree = "<group>"; };
		A9F28D5B1BE3381300FFEA71 /* QRMainViewController.m */ = {isa = PBXFileReference; fileEncoding = 4; lastKnownFileType = sourcecode.c.objc; path = QRMainViewController.m; sourceTree = "<group>"; };
		A9F28D5D1BE344CE00FFEA71 /* QRScanView.h */ = {isa = PBXFileReference; fileEncoding = 4; lastKnownFileType = sourcecode.c.h; path = QRScanView.h; sourceTree = "<group>"; };
		A9F28D5E1BE344CE00FFEA71 /* QRScanView.m */ = {isa = PBXFileReference; fileEncoding = 4; lastKnownFileType = sourcecode.c.objc; path = QRScanView.m; sourceTree = "<group>"; };
/* End PBXFileReference section */

/* Begin PBXFrameworksBuildPhase section */
		A9F28D3A1BE336C100FFEA71 /* Frameworks */ = {
			isa = PBXFrameworksBuildPhase;
			buildActionMask = 2147483647;
			files = (
			);
			runOnlyForDeploymentPostprocessing = 0;
		};
/* End PBXFrameworksBuildPhase section */

/* Begin PBXGroup section */
		A9F28D341BE336C100FFEA71 = {
			isa = PBXGroup;
			children = (
				A9F28D3F1BE336C100FFEA71 /* QRCodeDemo */,
				A9F28D3E1BE336C100FFEA71 /* Products */,
			);
			sourceTree = "<group>";
		};
		A9F28D3E1BE336C100FFEA71 /* Products */ = {
			isa = PBXGroup;
			children = (
				A9F28D3D1BE336C100FFEA71 /* QRCodeDemo.app */,
			);
			name = Products;
			sourceTree = "<group>";
		};
		A9F28D3F1BE336C100FFEA71 /* QRCodeDemo */ = {
			isa = PBXGroup;
			children = (
				A9F28D431BE336C100FFEA71 /* AppDelegate.h */,
				A9F28D441BE336C100FFEA71 /* AppDelegate.m */,
				A9F28D5A1BE3381300FFEA71 /* QRMainViewController.h */,
				A9F28D5B1BE3381300FFEA71 /* QRMainViewController.m */,
				A9F28D571BE3380100FFEA71 /* QRScanViewController.h */,
				A9F28D581BE3380100FFEA71 /* QRScanViewController.m */,
				A9F28D5D1BE344CE00FFEA71 /* QRScanView.h */,
				A9F28D5E1BE344CE00FFEA71 /* QRScanView.m */,
				A9F28D491BE336C100FFEA71 /* Main.storyboard */,
				A9F28D4C1BE336C100FFEA71 /* Assets.xcassets */,
				A9F28D4E1BE336C100FFEA71 /* LaunchScreen.storyboard */,
				A9F28D511BE336C100FFEA71 /* Info.plist */,
				A9F28D401BE336C100FFEA71 /* Supporting Files */,
			);
			path = QRCodeDemo;
			sourceTree = "<group>";
		};
		A9F28D401BE336C100FFEA71 /* Supporting Files */ = {
			isa = PBXGroup;
			children = (
				A9F28D411BE336C100FFEA71 /* main.m */,
			);
			name = "Supporting Files";
			sourceTree = "<group>";
		};
/* End PBXGroup section */

/* Begin PBXNativeTarget section */
		A9F28D3C1BE336C100FFEA71 /* QRCodeDemo */ = {
			isa = PBXNativeTarget;
			buildConfigurationList = A9F28D541BE336C100FFEA71 /* Build configuration list for PBXNativeTarget "QRCodeDemo" */;
			buildPhases = (
				A9F28D391BE336C100FFEA71 /* Sources */,
				A9F28D3A1BE336C100FFEA71 /* Frameworks */,
				A9F28D3B1BE336C100FFEA71 /* Resources */,
			);
			buildRules = (
			);
			dependencies = (
			);
			name = QRCodeDemo;
			productName = QRCodeDemo;
			productReference = A9F28D3D1BE336C100FFEA71 /* QRCodeDemo.app */;
			productType = "com.apple.product-type.application";
		};
/* End PBXNativeTarget section */

/* Begin PBXProject section */
		A9F28D351BE336C100FFEA71 /* Project object */ = {
			isa = PBXProject;
			attributes = {
				CLASSPREFIX = QR;
				LastUpgradeCheck = 0710;
				ORGANIZATIONNAME = c0ming;
				TargetAttributes = {
					A9F28D3C1BE336C100FFEA71 = {
						CreatedOnToolsVersion = 7.1;
					};
				};
			};
			buildConfigurationList = A9F28D381BE336C100FFEA71 /* Build configuration list for PBXProject "QRCodeDemo" */;
			compatibilityVersion = "Xcode 3.2";
			developmentRegion = English;
			hasScannedForEncodings = 0;
			knownRegions = (
				en,
				Base,
			);
			mainGroup = A9F28D341BE336C100FFEA71;
			productRefGroup = A9F28D3E1BE336C100FFEA71 /* Products */;
			projectDirPath = "";
			projectRoot = "";
			targets = (
				A9F28D3C1BE336C100FFEA71 /* QRCodeDemo */,
			);
		};
/* End PBXProject section */

/* Begin PBXResourcesBuildPhase section */
		A9F28D3B1BE336C100FFEA71 /* Resources */ = {
			isa = PBXResourcesBuildPhase;
			buildActionMask = 2147483647;
			files = (
				A9F28D501BE336C100FFEA71 /* LaunchScreen.storyboard in Resources */,
				A9F28D4D1BE336C100FFEA71 /* Assets.xcassets in Resources */,
				A9F28D4B1BE336C100FFEA71 /* Main.storyboard in Resources */,
			);
			runOnlyForDeploymentPostprocessing = 0;
		};
/* End PBXResourcesBuildPhase section */

/* Begin PBXSourcesBuildPhase section */
		A9F28D391BE336C100FFEA71 /* Sources */ = {
			isa = PBXSourcesBuildPhase;
			buildActionMask = 2147483647;
			files = (
				A9F28D5C1BE3381300FFEA71 /* QRMainViewController.m in Sources */,
				A9F28D5F1BE344CE00FFEA71 /* QRScanView.m in Sources */,
				A9F28D591BE3380100FFEA71 /* QRScanViewController.m in Sources */,
				A9F28D451BE336C100FFEA71 /* AppDelegate.m in Sources */,
				A9F28D421BE336C100FFEA71 /* main.m in Sources */,
			);
			runOnlyForDeploymentPostprocessing = 0;
		};
/* End PBXSourcesBuildPhase section */

/* Begin PBXVariantGroup section */
		A9F28D491BE336C100FFEA71 /* Main.storyboard */ = {
			isa = PBXVariantGroup;
			children = (
				A9F28D4A1BE336C100FFEA71 /* Base */,
			);
			name = Main.storyboard;
			sourceTree = "<group>";
		};
		A9F28D4E1BE336C100FFEA71 /* LaunchScreen.storyboard */ = {
			isa = PBXVariantGroup;
			children = (
				A9F28D4F1BE336C100FFEA71 /* Base */,
			);
			name = LaunchScreen.storyboard;
			sourceTree = "<group>";
		};
/* End PBXVariantGroup section */

/* Begin XCBuildConfiguration section */
		A9F28D521BE336C100FFEA71 /* Debug */ = {
			isa = XCBuildConfiguration;
			buildSettings = {
				ALWAYS_SEARCH_USER_PATHS = NO;
				CLANG_CXX_LANGUAGE_STANDARD = "gnu++0x";
				CLANG_CXX_LIBRARY = "libc++";
				CLANG_ENABLE_MODULES = YES;
				CLANG_ENABLE_OBJC_ARC = YES;
				CLANG_WARN_BOOL_CONVERSION = YES;
				CLANG_WARN_CONSTANT_CONVERSION = YES;
				CLANG_WARN_DIRECT_OBJC_ISA_USAGE = YES_ERROR;
				CLANG_WARN_EMPTY_BODY = YES;
				CLANG_WARN_ENUM_CONVERSION = YES;
				CLANG_WARN_INT_CONVERSION = YES;
				CLANG_WARN_OBJC_ROOT_CLASS = YES_ERROR;
				CLANG_WARN_UNREACHABLE_CODE = YES;
				CLANG_WARN__DUPLICATE_METHOD_MATCH = YES;
				"CODE_SIGN_IDENTITY[sdk=iphoneos*]" = "iPhone Developer";
				COPY_PHASE_STRIP = NO;
				DEBUG_INFORMATION_FORMAT = dwarf;
				ENABLE_STRICT_OBJC_MSGSEND = YES;
				ENABLE_TESTABILITY = YES;
				GCC_C_LANGUAGE_STANDARD = gnu99;
				GCC_DYNAMIC_NO_PIC = NO;
				GCC_NO_COMMON_BLOCKS = YES;
				GCC_OPTIMIZATION_LEVEL = 0;
				GCC_PREPROCESSOR_DEFINITIONS = (
					"DEBUG=1",
					"$(inherited)",
				);
				GCC_WARN_64_TO_32_BIT_CONVERSION = YES;
				GCC_WARN_ABOUT_RETURN_TYPE = YES_ERROR;
				GCC_WARN_UNDECLARED_SELECTOR = YES;
				GCC_WARN_UNINITIALIZED_AUTOS = YES_AGGRESSIVE;
				GCC_WARN_UNUSED_FUNCTION = YES;
				GCC_WARN_UNUSED_VARIABLE = YES;
				IPHONEOS_DEPLOYMENT_TARGET = 9.1;
				MTL_ENABLE_DEBUG_INFO = YES;
				ONLY_ACTIVE_ARCH = YES;
				SDKROOT = iphoneos;
			};
			name = Debug;
		};
		A9F28D531BE336C100FFEA71 /* Release */ = {
			isa = XCBuildConfiguration;
			buildSettings = {
				ALWAYS_SEARCH_USER_PATHS = NO;
				CLANG_CXX_LANGUAGE_STANDARD = "gnu++0x";
				CLANG_CXX_LIBRARY = "libc++";
				CLANG_ENABLE_MODULES = YES;
				CLANG_ENABLE_OBJC_ARC = YES;
				CLANG_WARN_BOOL_CONVERSION = YES;
				CLANG_WARN_CONSTANT_CONVERSION = YES;
				CLANG_WARN_DIRECT_OBJC_ISA_USAGE = YES_ERROR;
				CLANG_WARN_EMPTY_BODY = YES;
				CLANG_WARN_ENUM_CONVERSION = YES;
				CLANG_WARN_INT_CONVERSION = YES;
				CLANG_WARN_OBJC_ROOT_CLASS = YES_ERROR;
				CLANG_WARN_UNREACHABLE_CODE = YES;
				CLANG_WARN__DUPLICATE_METHOD_MATCH = YES;
				"CODE_SIGN_IDENTITY[sdk=iphoneos*]" = "iPhone Developer";
				COPY_PHASE_STRIP = NO;
				DEBUG_INFORMATION_FORMAT = "dwarf-with-dsym";
				ENABLE_NS_ASSERTIONS = NO;
				ENABLE_STRICT_OBJC_MSGSEND = YES;
				GCC_C_LANGUAGE_STANDARD = gnu99;
				GCC_NO_COMMON_BLOCKS = YES;
				GCC_WARN_64_TO_32_BIT_CONVERSION = YES;
				GCC_WARN_ABOUT_RETURN_TYPE = YES_ERROR;
				GCC_WARN_UNDECLARED_SELECTOR = YES;
				GCC_WARN_UNINITIALIZED_AUTOS = YES_AGGRESSIVE;
				GCC_WARN_UNUSED_FUNCTION = YES;
				GCC_WARN_UNUSED_VARIABLE = YES;
				IPHONEOS_DEPLOYMENT_TARGET = 9.1;
				MTL_ENABLE_DEBUG_INFO = NO;
				SDKROOT = iphoneos;
				VALIDATE_PRODUCT = YES;
			};
			name = Release;
		};
		A9F28D551BE336C100FFEA71 /* Debug */ = {
			isa = XCBuildConfiguration;
			buildSettings = {
				ASSETCATALOG_COMPILER_APPICON_NAME = AppIcon;
				INFOPLIST_FILE = QRCodeDemo/Info.plist;
				IPHONEOS_DEPLOYMENT_TARGET = 8.0;
				LD_RUNPATH_SEARCH_PATHS = "$(inherited) @executable_path/Frameworks";
				PRODUCT_BUNDLE_IDENTIFIER = me.c0ming.QRCodeDemo;
				PRODUCT_NAME = "$(TARGET_NAME)";
			};
			name = Debug;
		};
		A9F28D561BE336C100FFEA71 /* Release */ = {
			isa = XCBuildConfiguration;
			buildSettings = {
				ASSETCATALOG_COMPILER_APPICON_NAME = AppIcon;
				INFOPLIST_FILE = QRCodeDemo/Info.plist;
				IPHONEOS_DEPLOYMENT_TARGET = 8.0;
				LD_RUNPATH_SEARCH_PATHS = "$(inherited) @executable_path/Frameworks";
				PRODUCT_BUNDLE_IDENTIFIER = me.c0ming.QRCodeDemo;
				PRODUCT_NAME = "$(TARGET_NAME)";
			};
			name = Release;
		};
/* End XCBuildConfiguration section */

/* Begin XCConfigurationList section */
		A9F28D381BE336C100FFEA71 /* Build configuration list for PBXProject "QRCodeDemo" */ = {
			isa = XCConfigurationList;
			buildConfigurations = (
				A9F28D521BE336C100FFEA71 /* Debug */,
				A9F28D531BE336C100FFEA71 /* Release */,
			);
			defaultConfigurationIsVisible = 0;
			defaultConfigurationName = Release;
		};
		A9F28D541BE336C100FFEA71 /* Build configuration list for PBXNativeTarget "QRCodeDemo" */ = {
			isa = XCConfigurationList;
			buildConfigurations = (
				A9F28D551BE336C100FFEA71 /* Debug */,
				A9F28D561BE336C100FFEA71 /* Release */,
			);
			defaultConfigurationIsVisible = 0;
		};
/* End XCConfigurationList section */
	};
	rootObject = A9F28D351BE336C100FFEA71 /* Project object */;
}
